// !$*UTF8*$!
{
	archiveVersion = 1;
	classes = {
	};
	objectVersion = 48;
	objects = {

/* Begin PBXBuildFile section */
		A1D4F405B6DCB331C5568350 /* Pods_com.framework in Frameworks */ = {isa = PBXBuildFile; fileRef = 466534A30E1C44D6E19613B6 /* Pods_com.framework */; };
		B8DD47AA21A6EF2400BC1E84 /* AppDelegate.m in Sources */ = {isa = PBXBuildFile; fileRef = B8DD47A921A6EF2400BC1E84 /* AppDelegate.m */; };
		B8DD47AD21A6EF2400BC1E84 /* ViewController.m in Sources */ = {isa = PBXBuildFile; fileRef = B8DD47AC21A6EF2400BC1E84 /* ViewController.m */; };
		B8DD47B021A6EF2400BC1E84 /* Main.storyboard in Resources */ = {isa = PBXBuildFile; fileRef = B8DD47AE21A6EF2400BC1E84 /* Main.storyboard */; };
		B8DD47B221A6EF2400BC1E84 /* Assets.xcassets in Resources */ = {isa = PBXBuildFile; fileRef = B8DD47B121A6EF2400BC1E84 /* Assets.xcassets */; };
		B8DD47B521A6EF2400BC1E84 /* LaunchScreen.storyboard in Resources */ = {isa = PBXBuildFile; fileRef = B8DD47B321A6EF2400BC1E84 /* LaunchScreen.storyboard */; };
		B8DD47B821A6EF2400BC1E84 /* main.m in Sources */ = {isa = PBXBuildFile; fileRef = B8DD47B721A6EF2400BC1E84 /* main.m */; };
/* End PBXBuildFile section */

/* Begin PBXFileReference section */
		466534A30E1C44D6E19613B6 /* Pods_com.framework */ = {isa = PBXFileReference; explicitFileType = wrapper.framework; includeInIndex = 0; path = Pods_com.framework; sourceTree = BUILT_PRODUCTS_DIR; };
		A9516820490525C966DB281A /* Pods-com.debug.xcconfig */ = {isa = PBXFileReference; includeInIndex = 1; lastKnownFileType = text.xcconfig; name = "Pods-com.debug.xcconfig"; path = "Pods/Target Support Files/Pods-com/Pods-com.debug.xcconfig"; sourceTree = "<group>"; };
		B8DD47A521A6EF2400BC1E84 /* com.app */ = {isa = PBXFileReference; explicitFileType = wrapper.application; includeInIndex = 0; path = com.app; sourceTree = BUILT_PRODUCTS_DIR; };
		B8DD47A821A6EF2400BC1E84 /* AppDelegate.h */ = {isa = PBXFileReference; lastKnownFileType = sourcecode.c.h; path = AppDelegate.h; sourceTree = "<group>"; };
		B8DD47A921A6EF2400BC1E84 /* AppDelegate.m */ = {isa = PBXFileReference; lastKnownFileType = sourcecode.c.objc; path = AppDelegate.m; sourceTree = "<group>"; };
		B8DD47AB21A6EF2400BC1E84 /* ViewController.h */ = {isa = PBXFileReference; lastKnownFileType = sourcecode.c.h; path = ViewController.h; sourceTree = "<group>"; };
		B8DD47AC21A6EF2400BC1E84 /* ViewController.m */ = {isa = PBXFileReference; lastKnownFileType = sourcecode.c.objc; path = ViewController.m; sourceTree = "<group>"; };
		B8DD47AF21A6EF2400BC1E84 /* Base */ = {isa = PBXFileReference; lastKnownFileType = file.storyboard; name = Base; path = Base.lproj/Main.storyboard; sourceTree = "<group>"; };
		B8DD47B121A6EF2400BC1E84 /* Assets.xcassets */ = {isa = PBXFileReference; lastKnownFileType = folder.assetcatalog; path = Assets.xcassets; sourceTree = "<group>"; };
		B8DD47B421A6EF2400BC1E84 /* Base */ = {isa = PBXFileReference; lastKnownFileType = file.storyboard; name = Base; path = Base.lproj/LaunchScreen.storyboard; sourceTree = "<group>"; };
		B8DD47B621A6EF2400BC1E84 /* Info.plist */ = {isa = PBXFileReference; lastKnownFileType = text.plist.xml; path = Info.plist; sourceTree = "<group>"; };
		B8DD47B721A6EF2400BC1E84 /* main.m */ = {isa = PBXFileReference; lastKnownFileType = sourcecode.c.objc; path = main.m; sourceTree = "<group>"; };
		B8DD47BE21A6EF3A00BC1E84 /* com.entitlements */ = {isa = PBXFileReference; lastKnownFileType = text.plist.entitlements; path = com.entitlements; sourceTree = "<group>"; };
		C4444E6FD6F1AFDBC54E3051 /* Pods-com.release.xcconfig */ = {isa = PBXFileReference; includeInIndex = 1; lastKnownFileType = text.xcconfig; name = "Pods-com.release.xcconfig"; path = "Pods/Target Support Files/Pods-com/Pods-com.release.xcconfig"; sourceTree = "<group>"; };
/* End PBXFileReference section */

/* Begin PBXFrameworksBuildPhase section */
		B8DD47A221A6EF2400BC1E84 /* Frameworks */ = {
			isa = PBXFrameworksBuildPhase;
			buildActionMask = 2147483647;
			files = (
				A1D4F405B6DCB331C5568350 /* Pods_com.framework in Frameworks */,
			);
			runOnlyForDeploymentPostprocessing = 0;
		};
/* End PBXFrameworksBuildPhase section */

/* Begin PBXGroup section */
		88B9BFF2F1311DDC7FF3EC5B /* Pods */ = {
			isa = PBXGroup;
			children = (
				A9516820490525C966DB281A /* Pods-com.debug.xcconfig */,
				C4444E6FD6F1AFDBC54E3051 /* Pods-com.release.xcconfig */,
			);
			name = Pods;
			sourceTree = "<group>";
		};
		B8DD479C21A6EF2400BC1E84 = {
			isa = PBXGroup;
			children = (
				B8DD47A721A6EF2400BC1E84 /* com */,
				B8DD47A621A6EF2400BC1E84 /* Products */,
				D0D799E22849F68630C64962 /* Frameworks */,
				88B9BFF2F1311DDC7FF3EC5B /* Pods */,
			);
			sourceTree = "<group>";
		};
		B8DD47A621A6EF2400BC1E84 /* Products */ = {
			isa = PBXGroup;
			children = (
				B8DD47A521A6EF2400BC1E84 /* com.app */,
			);
			name = Products;
			sourceTree = "<group>";
		};
		B8DD47A721A6EF2400BC1E84 /* com */ = {
			isa = PBXGroup;
			children = (
				B8DD47BE21A6EF3A00BC1E84 /* com.entitlements */,
				B8DD47A821A6EF2400BC1E84 /* AppDelegate.h */,
				B8DD47A921A6EF2400BC1E84 /* AppDelegate.m */,
				B8DD47AB21A6EF2400BC1E84 /* ViewController.h */,
				B8DD47AC21A6EF2400BC1E84 /* ViewController.m */,
				B8DD47AE21A6EF2400BC1E84 /* Main.storyboard */,
				B8DD47B121A6EF2400BC1E84 /* Assets.xcassets */,
				B8DD47B321A6EF2400BC1E84 /* LaunchScreen.storyboard */,
				B8DD47B621A6EF2400BC1E84 /* Info.plist */,
				B8DD47B721A6EF2400BC1E84 /* main.m */,
			);
			path = com;
			sourceTree = "<group>";
		};
		D0D799E22849F68630C64962 /* Frameworks */ = {
			isa = PBXGroup;
			children = (
				466534A30E1C44D6E19613B6 /* Pods_com.framework */,
			);
			name = Frameworks;
			sourceTree = "<group>";
		};
/* End PBXGroup section */

/* Begin PBXNativeTarget section */
		B8DD47A421A6EF2400BC1E84 /* com */ = {
			isa = PBXNativeTarget;
			buildConfigurationList = B8DD47BB21A6EF2400BC1E84 /* Build configuration list for PBXNativeTarget "com" */;
			buildPhases = (
				0957A6B9078B5C3FB4E2DECF /* [CP] Check Pods Manifest.lock */,
				B8DD47A121A6EF2400BC1E84 /* Sources */,
				B8DD47A221A6EF2400BC1E84 /* Frameworks */,
				B8DD47A321A6EF2400BC1E84 /* Resources */,
				7A16B6F1F2DE7A6FA7C7C7E8 /* [CP] Embed Pods Frameworks */,
				9BDF74641E2E150832DE0E01 /* [CP] Copy Pods Resources */,
			);
			buildRules = (
			);
			dependencies = (
			);
			name = com;
			productName = com;
			productReference = B8DD47A521A6EF2400BC1E84 /* com.app */;
			productType = "com.apple.product-type.application";
		};
/* End PBXNativeTarget section */

/* Begin PBXProject section */
		B8DD479D21A6EF2400BC1E84 /* Project object */ = {
			isa = PBXProject;
			attributes = {
				LastUpgradeCheck = 0920;
				ORGANIZATIONNAME = Lenny;
				TargetAttributes = {
					B8DD47A421A6EF2400BC1E84 = {
						CreatedOnToolsVersion = 9.2;
						ProvisioningStyle = Manual;
						SystemCapabilities = {
							com.apple.Push = {
								enabled = 1;
							};
						};
					};
				};
			};
			buildConfigurationList = B8DD47A021A6EF2400BC1E84 /* Build configuration list for PBXProject "com" */;
			compatibilityVersion = "Xcode 8.0";
			developmentRegion = en;
			hasScannedForEncodings = 0;
			knownRegions = (
				en,
				Base,
			);
			mainGroup = B8DD479C21A6EF2400BC1E84;
			productRefGroup = B8DD47A621A6EF2400BC1E84 /* Products */;
			projectDirPath = "";
			projectRoot = "";
			targets = (
				B8DD47A421A6EF2400BC1E84 /* com */,
			);
		};
/* End PBXProject section */

/* Begin PBXResourcesBuildPhase section */
		B8DD47A321A6EF2400BC1E84 /* Resources */ = {
			isa = PBXResourcesBuildPhase;
			buildActionMask = 2147483647;
			files = (
				B8DD47B521A6EF2400BC1E84 /* LaunchScreen.storyboard in Resources */,
				B8DD47B221A6EF2400BC1E84 /* Assets.xcassets in Resources */,
				B8DD47B021A6EF2400BC1E84 /* Main.storyboard in Resources */,
			);
			runOnlyForDeploymentPostprocessing = 0;
		};
/* End PBXResourcesBuildPhase section */

/* Begin PBXShellScriptBuildPhase section */
		0957A6B9078B5C3FB4E2DECF /* [CP] Check Pods Manifest.lock */ = {
			isa = PBXShellScriptBuildPhase;
			buildActionMask = 2147483647;
			files = (
			);
			inputPaths = (
				"${PODS_PODFILE_DIR_PATH}/Podfile.lock",
				"${PODS_ROOT}/Manifest.lock",
			);
			name = "[CP] Check Pods Manifest.lock";
			outputPaths = (
				"$(DERIVED_FILE_DIR)/Pods-com-checkManifestLockResult.txt",
			);
			runOnlyForDeploymentPostprocessing = 0;
			shellPath = /bin/sh;
			shellScript = "diff \"${PODS_PODFILE_DIR_PATH}/Podfile.lock\" \"${PODS_ROOT}/Manifest.lock\" > /dev/null\nif [ $? != 0 ] ; then\n    # print error to STDERR\n    echo \"error: The sandbox is not in sync with the Podfile.lock. Run 'pod install' or update your CocoaPods installation.\" >&2\n    exit 1\nfi\n# This output is used by Xcode 'outputs' to avoid re-running this script phase.\necho \"SUCCESS\" > \"${SCRIPT_OUTPUT_FILE_0}\"\n";
			showEnvVarsInLog = 0;
		};
		7A16B6F1F2DE7A6FA7C7C7E8 /* [CP] Embed Pods Frameworks */ = {
			isa = PBXShellScriptBuildPhase;
			buildActionMask = 2147483647;
			files = (
			);
			inputPaths = (
			);
			name = "[CP] Embed Pods Frameworks";
			outputPaths = (
			);
			runOnlyForDeploymentPostprocessing = 0;
			shellPath = /bin/sh;
			shellScript = "\"${SRCROOT}/Pods/Target Support Files/Pods-com/Pods-com-frameworks.sh\"\n";
			showEnvVarsInLog = 0;
		};
		9BDF74641E2E150832DE0E01 /* [CP] Copy Pods Resources */ = {
			isa = PBXShellScriptBuildPhase;
			buildActionMask = 2147483647;
			files = (
			);
			inputPaths = (
			);
			name = "[CP] Copy Pods Resources";
			outputPaths = (
			);
			runOnlyForDeploymentPostprocessing = 0;
			shellPath = /bin/sh;
			shellScript = "\"${SRCROOT}/Pods/Target Support Files/Pods-com/Pods-com-resources.sh\"\n";
			showEnvVarsInLog = 0;
		};
/* End PBXShellScriptBuildPhase section */

/* Begin PBXSourcesBuildPhase section */
		B8DD47A121A6EF2400BC1E84 /* Sources */ = {
			isa = PBXSourcesBuildPhase;
			buildActionMask = 2147483647;
			files = (
				B8DD47AD21A6EF2400BC1E84 /* ViewController.m in Sources */,
				B8DD47B821A6EF2400BC1E84 /* main.m in Sources */,
				B8DD47AA21A6EF2400BC1E84 /* AppDelegate.m in Sources */,
			);
			runOnlyForDeploymentPostprocessing = 0;
		};
/* End PBXSourcesBuildPhase section */

/* Begin PBXVariantGroup section */
		B8DD47AE21A6EF2400BC1E84 /* Main.storyboard */ = {
			isa = PBXVariantGroup;
			children = (
				B8DD47AF21A6EF2400BC1E84 /* Base */,
			);
			name = Main.storyboard;
			sourceTree = "<group>";
		};
		B8DD47B321A6EF2400BC1E84 /* LaunchScreen.storyboard */ = {
			isa = PBXVariantGroup;
			children = (
				B8DD47B421A6EF2400BC1E84 /* Base */,
			);
			name = LaunchScreen.storyboard;
			sourceTree = "<group>";
		};
/* End PBXVariantGroup section */

/* Begin XCBuildConfiguration section */
		B8DD47B921A6EF2400BC1E84 /* Debug */ = {
			isa = XCBuildConfiguration;
			buildSettings = {
				ALWAYS_SEARCH_USER_PATHS = NO;
				CLANG_ANALYZER_NONNULL = YES;
				CLANG_ANALYZER_NUMBER_OBJECT_CONVERSION = YES_AGGRESSIVE;
				CLANG_CXX_LANGUAGE_STANDARD = "gnu++14";
				CLANG_CXX_LIBRARY = "libc++";
				CLANG_ENABLE_MODULES = YES;
				CLANG_ENABLE_OBJC_ARC = YES;
				CLANG_WARN_BLOCK_CAPTURE_AUTORELEASING = YES;
				CLANG_WARN_BOOL_CONVERSION = YES;
				CLANG_WARN_COMMA = YES;
				CLANG_WARN_CONSTANT_CONVERSION = YES;
				CLANG_WARN_DIRECT_OBJC_ISA_USAGE = YES_ERROR;
				CLANG_WARN_DOCUMENTATION_COMMENTS = YES;
				CLANG_WARN_EMPTY_BODY = YES;
				CLANG_WARN_ENUM_CONVERSION = YES;
				CLANG_WARN_INFINITE_RECURSION = YES;
				CLANG_WARN_INT_CONVERSION = YES;
				CLANG_WARN_NON_LITERAL_NULL_CONVERSION = YES;
				CLANG_WARN_OBJC_LITERAL_CONVERSION = YES;
				CLANG_WARN_OBJC_ROOT_CLASS = YES_ERROR;
				CLANG_WARN_RANGE_LOOP_ANALYSIS = YES;
				CLANG_WARN_STRICT_PROTOTYPES = YES;
				CLANG_WARN_SUSPICIOUS_MOVE = YES;
				CLANG_WARN_UNGUARDED_AVAILABILITY = YES_AGGRESSIVE;
				CLANG_WARN_UNREACHABLE_CODE = YES;
				CLANG_WARN__DUPLICATE_METHOD_MATCH = YES;
				CODE_SIGN_IDENTITY = "iPhone Developer";
				COPY_PHASE_STRIP = NO;
				DEBUG_INFORMATION_FORMAT = dwarf;
				ENABLE_STRICT_OBJC_MSGSEND = YES;
				ENABLE_TESTABILITY = YES;
				GCC_C_LANGUAGE_STANDARD = gnu11;
				GCC_DYNAMIC_NO_PIC = NO;
				GCC_NO_COMMON_BLOCKS = YES;
				GCC_OPTIMIZATION_LEVEL = 0;
				GCC_PREPROCESSOR_DEFINITIONS = (
					"DEBUG=1",
					"$(inherited)",
				);
				GCC_WARN_64_TO_32_BIT_CONVERSION = YES;
				GCC_WARN_ABOUT_RETURN_TYPE = YES_ERROR;
				GCC_WARN_UNDECLARED_SELECTOR = YES;
				GCC_WARN_UNINITIALIZED_AUTOS = YES_AGGRESSIVE;
				GCC_WARN_UNUSED_FUNCTION = YES;
				GCC_WARN_UNUSED_VARIABLE = YES;
				IPHONEOS_DEPLOYMENT_TARGET = 11.2;
				MTL_ENABLE_DEBUG_INFO = YES;
				ONLY_ACTIVE_ARCH = YES;
				SDKROOT = iphoneos;
			};
			name = Debug;
		};
		B8DD47BA21A6EF2400BC1E84 /* Release */ = {
			isa = XCBuildConfiguration;
			buildSettings = {
				ALWAYS_SEARCH_USER_PATHS = NO;
				CLANG_ANALYZER_NONNULL = YES;
				CLANG_ANALYZER_NUMBER_OBJECT_CONVERSION = YES_AGGRESSIVE;
				CLANG_CXX_LANGUAGE_STANDARD = "gnu++14";
				CLANG_CXX_LIBRARY = "libc++";
				CLANG_ENABLE_MODULES = YES;
				CLANG_ENABLE_OBJC_ARC = YES;
				CLANG_WARN_BLOCK_CAPTURE_AUTORELEASING = YES;
				CLANG_WARN_BOOL_CONVERSION = YES;
				CLANG_WARN_COMMA = YES;
				CLANG_WARN_CONSTANT_CONVERSION = YES;
				CLANG_WARN_DIRECT_OBJC_ISA_USAGE = YES_ERROR;
				CLANG_WARN_DOCUMENTATION_COMMENTS = YES;
				CLANG_WARN_EMPTY_BODY = YES;
				CLANG_WARN_ENUM_CONVERSION = YES;
				CLANG_WARN_INFINITE_RECURSION = YES;
				CLANG_WARN_INT_CONVERSION = YES;
				CLANG_WARN_NON_LITERAL_NULL_CONVERSION = YES;
				CLANG_WARN_OBJC_LITERAL_CONVERSION = YES;
				CLANG_WARN_OBJC_ROOT_CLASS = YES_ERROR;
				CLANG_WARN_RANGE_LOOP_ANALYSIS = YES;
				CLANG_WARN_STRICT_PROTOTYPES = YES;
				CLANG_WARN_SUSPICIOUS_MOVE = YES;
				CLANG_WARN_UNGUARDED_AVAILABILITY = YES_AGGRESSIVE;
				CLANG_WARN_UNREACHABLE_CODE = YES;
				CLANG_WARN__DUPLICATE_METHOD_MATCH = YES;
				CODE_SIGN_IDENTITY = "iPhone Developer";
				COPY_PHASE_STRIP = NO;
				DEBUG_INFORMATION_FORMAT = "dwarf-with-dsym";
				ENABLE_NS_ASSERTIONS = NO;
				ENABLE_STRICT_OBJC_MSGSEND = YES;
				GCC_C_LANGUAGE_STANDARD = gnu11;
				GCC_NO_COMMON_BLOCKS = YES;
				GCC_WARN_64_TO_32_BIT_CONVERSION = YES;
				GCC_WARN_ABOUT_RETURN_TYPE = YES_ERROR;
				GCC_WARN_UNDECLARED_SELECTOR = YES;
				GCC_WARN_UNINITIALIZED_AUTOS = YES_AGGRESSIVE;
				GCC_WARN_UNUSED_FUNCTION = YES;
				GCC_WARN_UNUSED_VARIABLE = YES;
				IPHONEOS_DEPLOYMENT_TARGET = 11.2;
				MTL_ENABLE_DEBUG_INFO = NO;
				SDKROOT = iphoneos;
				VALIDATE_PRODUCT = YES;
			};
			name = Release;
		};
		B8DD47BC21A6EF2400BC1E84 /* Debug */ = {
			isa = XCBuildConfiguration;
			baseConfigurationReference = A9516820490525C966DB281A /* Pods-com.debug.xcconfig */;
			buildSettings = {
				ASSETCATALOG_COMPILER_APPICON_NAME = AppIcon;
				CODE_SIGN_ENTITLEMENTS = com/com.entitlements;
				CODE_SIGN_STYLE = Manual;
				DEVELOPMENT_TEAM = X225TLXQ76;
				FRAMEWORK_SEARCH_PATHS = "";
				INFOPLIST_FILE = com/Info.plist;
				IPHONEOS_DEPLOYMENT_TARGET = 10.3;
				LD_RUNPATH_SEARCH_PATHS = "$(inherited) @executable_path/Frameworks";
				PRODUCT_BUNDLE_IDENTIFIER = wangshibinnew.house365.com;
				PRODUCT_NAME = "$(TARGET_NAME)";
				PROVISIONING_PROFILE = "94cfcdf0-1bc3-4e36-ac5d-334585eb5788";
				PROVISIONING_PROFILE_SPECIFIER = wangshibin;
				TARGETED_DEVICE_FAMILY = "1,2";
			};
			name = Debug;
		};
		B8DD47BD21A6EF2400BC1E84 /* Release */ = {
			isa = XCBuildConfiguration;
			baseConfigurationReference = C4444E6FD6F1AFDBC54E3051 /* Pods-com.release.xcconfig */;
			buildSettings = {
				ASSETCATALOG_COMPILER_APPICON_NAME = AppIcon;
				CODE_SIGN_ENTITLEMENTS = com/com.entitlements;
				CODE_SIGN_STYLE = Manual;
				DEVELOPMENT_TEAM = X225TLXQ76;
				FRAMEWORK_SEARCH_PATHS = "";
				INFOPLIST_FILE = com/Info.plist;
				IPHONEOS_DEPLOYMENT_TARGET = 10.3;
				LD_RUNPATH_SEARCH_PATHS = "$(inherited) @executable_path/Frameworks";
				PRODUCT_BUNDLE_IDENTIFIER = wangshibinnew.house365.com;
				PRODUCT_NAME = "$(TARGET_NAME)";
				PROVISIONING_PROFILE = "94cfcdf0-1bc3-4e36-ac5d-334585eb5788";
				PROVISIONING_PROFILE_SPECIFIER = wangshibin;
				TARGETED_DEVICE_FAMILY = "1,2";
			};
			name = Release;
		};
/* End XCBuildConfiguration section */

/* Begin XCConfigurationList section */
		B8DD47A021A6EF2400BC1E84 /* Build configuration list for PBXProject "com" */ = {
			isa = XCConfigurationList;
			buildConfigurations = (
				B8DD47B921A6EF2400BC1E84 /* Debug */,
				B8DD47BA21A6EF2400BC1E84 /* Release */,
			);
			defaultConfigurationIsVisible = 0;
			defaultConfigurationName = Release;
		};
		B8DD47BB21A6EF2400BC1E84 /* Build configuration list for PBXNativeTarget "com" */ = {
			isa = XCConfigurationList;
			buildConfigurations = (
				B8DD47BC21A6EF2400BC1E84 /* Debug */,
				B8DD47BD21A6EF2400BC1E84 /* Release */,
			);
			defaultConfigurationIsVisible = 0;
			defaultConfigurationName = Release;
		};
/* End XCConfigurationList section */
	};
	rootObject = B8DD479D21A6EF2400BC1E84 /* Project object */;
}
